
Microsoft Visual Studio Solution File, Format Version 12.00
# Visual Studio Version 17
VisualStudioVersion = 17.14.36623.8 d17.14
MinimumVisualStudioVersion = 10.0.40219.1
Project("{FAE04EC0-301F-11D3-BF4B-00C04F79EFBC}") = "GitbookExercises", "GitbookExercises\GitbookExercises.csproj", "{7356A117-DF9B-4241-B200-55EB11C8281D}"
EndProject
Global
	GlobalSection(SolutionConfigurationPlatforms) = preSolution
		Debug|Any CPU = Debug|Any CPU
		Release|Any CPU = Release|Any CPU
	EndGlobalSection
	GlobalSection(ProjectConfigurationPlatforms) = postSolution
		{7356A117-DF9B-4241-B200-55EB11C8281D}.Debug|Any CPU.ActiveCfg = Debug|Any CPU
		{7356A117-DF9B-4241-B200-55EB11C8281D}.Debug|Any CPU.Build.0 = Debug|Any CPU
		{7356A117-DF9B-4241-B200-55EB11C8281D}.Release|Any CPU.ActiveCfg = Release|Any CPU
		{7356A117-DF9B-4241-B200-55EB11C8281D}.Release|Any CPU.Build.0 = Release|Any CPU
	EndGlobalSection
	GlobalSection(SolutionProperties) = preSolution
		HideSolutionNode = FALSE
	EndGlobalSection
	GlobalSection(ExtensibilityGlobals) = postSolution
		SolutionGuid = {5888C54C-4270-4E43-A375-709F50914AA6}
	EndGlobalSection
EndGlobal
